# THIS IS AN AUTOGENERATED FILE. DO NOT EDIT THIS FILE DIRECTLY.
# yarn lockfile v1


"@types/estree@*":
  version "0.0.40"
  resolved "https://registry.npm.taobao.org/@types/estree/download/@types/estree-0.0.40.tgz#0e6cb9b9bbd098031fa19e4b4e8131bc70e5de13"
  integrity sha1-Dmy5ubvQmAMfoZ5LToExvHDl3hM=

"@types/node@*":
  version "12.12.17"
  resolved "https://registry.npm.taobao.org/@types/node/download/@types/node-12.12.17.tgz?cache=0&sync_timestamp=1576005890806&other_urls=https%3A%2F%2Fregistry.npm.taobao.org%2F%40types%2Fnode%2Fdownload%2F%40types%2Fnode-12.12.17.tgz#191b71e7f4c325ee0fb23bc4a996477d92b8c39b"
  integrity sha1-GRtx5/TDJe4PsjvEqZZHfZK4w5s=

acorn@^7.1.0:
  version "7.1.1"
  resolved "https://registry.yarnpkg.com/acorn/-/acorn-7.1.1.tgz#e35668de0b402f359de515c5482a1ab9f89a69bf"
  integrity sha512-add7dgA5ppRPxCFJoAGfMDi7PIBXq1RtGo7BhbLaxwrXPOmw8gq48Y9ozT01hUKy9byMjlR20EJhu5zlkErEkg==

rollup-plugin-output-manifest@^1.0.0:
  version "1.0.0"
  resolved "https://registry.npm.taobao.org/rollup-plugin-output-manifest/download/rollup-plugin-output-manifest-1.0.0.tgz#f61cddf70cfca4d8ab47c1ea61eeb652225c10ee"
  integrity sha1-9hzd9wz8pNirR8HqYe62UiJcEO4=

rollup@^1.17.0:
  version "1.27.13"
  resolved "https://registry.npm.taobao.org/rollup/download/rollup-1.27.13.tgz?cache=0&sync_timestamp=1576358316895&other_urls=https%3A%2F%2Fregistry.npm.taobao.org%2Frollup%2Fdownload%2Frollup-1.27.13.tgz#d6d3500512daacbf8de54d2800de62d893085b90"
  integrity sha1-1tNQBRLarL+N5U0oAN5i2JMIW5A=
  dependencies:
    "@types/estree" "*"
    "@types/node" "*"
    acorn "^7.1.0"
