# THIS IS AN AUTOGENERATED FILE. DO NOT EDIT THIS FILE DIRECTLY.
# yarn lockfile v1


"@types/estree@0.0.39":
  version "0.0.39"
  resolved "https://registry.yarnpkg.com/@types/estree/-/estree-0.0.39.tgz#e177e699ee1b8c22d23174caaa7422644389509f"
  integrity sha512-EYNwp3bU+98cpU4lAWYYL7Zz+2gryWH1qbdDTidVd6hkiR6weksdbMadyXKXNPEkQFhXM+hVO9ZygomHXp+AIw==

"@types/node@^12.6.2":
  version "12.6.8"
  resolved "https://registry.yarnpkg.com/@types/node/-/node-12.6.8.tgz#e469b4bf9d1c9832aee4907ba8a051494357c12c"
  integrity sha512-aX+gFgA5GHcDi89KG5keey2zf0WfZk/HAQotEamsK2kbey+8yGKcson0hbK8E+v0NArlCJQCqMP161YhV6ZXLg==

acorn@^6.2.0:
  version "6.2.0"
  resolved "https://registry.yarnpkg.com/acorn/-/acorn-6.2.0.tgz#67f0da2fc339d6cfb5d6fb244fd449f33cd8bbe3"
  integrity sha512-8oe72N3WPMjA+2zVG71Ia0nXZ8DpQH+QyyHO+p06jT8eg8FGG3FbcUIi8KziHlAfheJQZeoqbvq1mQSQHXKYLw==

rollup@^1.17.0:
  version "1.17.0"
  resolved "https://registry.yarnpkg.com/rollup/-/rollup-1.17.0.tgz#47ee8b04514544fc93b39bae06271244c8db7dfa"
  integrity sha512-k/j1m0NIsI4SYgCJR4MWPstGJOWfJyd6gycKoMhyoKPVXxm+L49XtbUwZyFsrSU2YXsOkM4u1ll9CS/ZgJBUpw==
  dependencies:
    "@types/estree" "0.0.39"
    "@types/node" "^12.6.2"
    acorn "^6.2.0"

tslib@^1.10.0:
  version "1.10.0"
  resolved "https://registry.yarnpkg.com/tslib/-/tslib-1.10.0.tgz#c3c19f95973fb0a62973fb09d90d961ee43e5c8a"
  integrity sha512-qOebF53frne81cf0S9B41ByenJ3/IuH8yJKngAX35CmiZySA0khhkovshKK+jGCaMnVomla7gVlIcc3EvKPbTQ==

typescript@^3.5.3:
  version "3.5.3"
  resolved "https://registry.yarnpkg.com/typescript/-/typescript-3.5.3.tgz#c830f657f93f1ea846819e929092f5fe5983e977"
  integrity sha512-ACzBtm/PhXBDId6a6sDJfroT2pOWt/oOnk4/dElG5G33ZL776N3Y6/6bKZJBFpd+b05F3Ct9qDjMeJmRWtE2/g==

utility-types@^3.7.0:
  version "3.7.0"
  resolved "https://registry.yarnpkg.com/utility-types/-/utility-types-3.7.0.tgz#51f1c29fa35d4267488345706efcf3f68f2b1933"
  integrity sha512-mqRJXN7dEArK/NZNJUubjr9kbFFVZcmF/JHDc9jt5O/aYXUVmopHYujDMhLmLil1Bxo2+khe6KAIVvDH9Yc4VA==
